
Microsoft Visual Studio Solution File, Format Version 12.00
# Visual Studio 15
VisualStudioVersion = 15.0.27004.2006
MinimumVisualStudioVersion = 10.0.40219.1
Project("{9A19103F-16F7-4668-BE54-9A1E7A4F7556}") = "Playtika.NETSummit", "Playtika.NETSummit\Playtika.NETSummit.csproj", "{FCD011C5-4357-4362-8C0F-881DB2F0A6F4}"
EndProject
Project("{9A19103F-16F7-4668-BE54-9A1E7A4F7556}") = "Playtika.NETSummit.Tests", "Playtika.NETSummit.Tests\Playtika.NETSummit.Tests.csproj", "{CE68F347-C721-4BC1-BA1B-3642D6A22A12}"
EndProject
Project("{FAE04EC0-301F-11D3-BF4B-00C04F79EFBC}") = "FriendFacadeSummit", "FriendFacadeSummit\FriendFacadeSummit.csproj", "{6F0AD9D3-B8C6-4D31-9D7B-EE7B68CB7764}"
EndProject
Project("{FAE04EC0-301F-11D3-BF4B-00C04F79EFBC}") = "FriendFacadeSummit.NUnitTests", "FriendFacadeSummit.Tests\FriendFacadeSummit.NUnitTests.csproj", "{B6441D80-2AAC-4865-BBC9-D00B70CF43BA}"
EndProject
Project("{FAE04EC0-301F-11D3-BF4B-00C04F79EFBC}") = "FriendFacadeSummit.XUnitTests", "FriendFacadeSummit.XUnitTests\FriendFacadeSummit.XUnitTests.csproj", "{CE026AFD-B45D-4272-AA14-97B655337192}"
EndProject
Project("{FAE04EC0-301F-11D3-BF4B-00C04F79EFBC}") = "FriendFacadeSummit.SpecFlowTests", "FriendFacadeSummit.SpecFlowTests\FriendFacadeSummit.SpecFlowTests.csproj", "{619614FA-4D93-41B0-A077-21CC330BAF25}"
EndProject
Global
	GlobalSection(SolutionConfigurationPlatforms) = preSolution
		Debug|Any CPU = Debug|Any CPU
		Release|Any CPU = Release|Any CPU
	EndGlobalSection
	GlobalSection(ProjectConfigurationPlatforms) = postSolution
		{FCD011C5-4357-4362-8C0F-881DB2F0A6F4}.Debug|Any CPU.ActiveCfg = Debug|Any CPU
		{FCD011C5-4357-4362-8C0F-881DB2F0A6F4}.Debug|Any CPU.Build.0 = Debug|Any CPU
		{FCD011C5-4357-4362-8C0F-881DB2F0A6F4}.Release|Any CPU.ActiveCfg = Release|Any CPU
		{FCD011C5-4357-4362-8C0F-881DB2F0A6F4}.Release|Any CPU.Build.0 = Release|Any CPU
		{CE68F347-C721-4BC1-BA1B-3642D6A22A12}.Debug|Any CPU.ActiveCfg = Debug|Any CPU
		{CE68F347-C721-4BC1-BA1B-3642D6A22A12}.Debug|Any CPU.Build.0 = Debug|Any CPU
		{CE68F347-C721-4BC1-BA1B-3642D6A22A12}.Release|Any CPU.ActiveCfg = Release|Any CPU
		{CE68F347-C721-4BC1-BA1B-3642D6A22A12}.Release|Any CPU.Build.0 = Release|Any CPU
		{6F0AD9D3-B8C6-4D31-9D7B-EE7B68CB7764}.Debug|Any CPU.ActiveCfg = Debug|Any CPU
		{6F0AD9D3-B8C6-4D31-9D7B-EE7B68CB7764}.Debug|Any CPU.Build.0 = Debug|Any CPU
		{6F0AD9D3-B8C6-4D31-9D7B-EE7B68CB7764}.Release|Any CPU.ActiveCfg = Release|Any CPU
		{6F0AD9D3-B8C6-4D31-9D7B-EE7B68CB7764}.Release|Any CPU.Build.0 = Release|Any CPU
		{B6441D80-2AAC-4865-BBC9-D00B70CF43BA}.Debug|Any CPU.ActiveCfg = Debug|Any CPU
		{B6441D80-2AAC-4865-BBC9-D00B70CF43BA}.Debug|Any CPU.Build.0 = Debug|Any CPU
		{B6441D80-2AAC-4865-BBC9-D00B70CF43BA}.Release|Any CPU.ActiveCfg = Release|Any CPU
		{B6441D80-2AAC-4865-BBC9-D00B70CF43BA}.Release|Any CPU.Build.0 = Release|Any CPU
		{CE026AFD-B45D-4272-AA14-97B655337192}.Debug|Any CPU.ActiveCfg = Debug|Any CPU
		{CE026AFD-B45D-4272-AA14-97B655337192}.Debug|Any CPU.Build.0 = Debug|Any CPU
		{CE026AFD-B45D-4272-AA14-97B655337192}.Release|Any CPU.ActiveCfg = Release|Any CPU
		{CE026AFD-B45D-4272-AA14-97B655337192}.Release|Any CPU.Build.0 = Release|Any CPU
		{619614FA-4D93-41B0-A077-21CC330BAF25}.Debug|Any CPU.ActiveCfg = Debug|Any CPU
		{619614FA-4D93-41B0-A077-21CC330BAF25}.Debug|Any CPU.Build.0 = Debug|Any CPU
		{619614FA-4D93-41B0-A077-21CC330BAF25}.Release|Any CPU.ActiveCfg = Release|Any CPU
		{619614FA-4D93-41B0-A077-21CC330BAF25}.Release|Any CPU.Build.0 = Release|Any CPU
	EndGlobalSection
	GlobalSection(SolutionProperties) = preSolution
		HideSolutionNode = FALSE
	EndGlobalSection
	GlobalSection(ExtensibilityGlobals) = postSolution
		SolutionGuid = {3CFAB522-2276-4917-B913-430A433B3DE0}
	EndGlobalSection
EndGlobal
